name: Generate package lock

on:
  push:
    branches: [refactor/reliability-cleanup]

permissions:
  contents: write

jobs:
  lockfile:
    if: ${{ hashFiles('package-lock.json') == '' }}
    runs-on: ubuntu-latest
    steps:
      - uses: actions/checkout@v4
        with:
          ref: refactor/reliability-cleanup
      - uses: actions/setup-node@v4
        with:
          node-version: 22
      - run: npm install --package-lock-only
      - run: |
          git config user.name "github-actions[bot]"
          git config user.email "41898282+github-actions[bot]@users.noreply.github.com"
          git add package-lock.json
          git commit -m "Verrouiller les dépendances" || exit 0
          git push
